
Microsoft Visual Studio Solution File, Format Version 12.00
# Visual Studio Version 17
VisualStudioVersion = 17.5.33424.131
MinimumVisualStudioVersion = 10.0.40219.1
Project("{9A19103F-16F7-4668-BE54-9A1E7A4F7556}") = "TombOfAnubis", "TombOfAnubis\TombOfAnubis.csproj", "{1A4B8601-4424-465D-9271-C94CC08C9E03}"
EndProject
Project("{9A19103F-16F7-4668-BE54-9A1E7A4F7556}") = "TombOfAnubisProcessors", "TombOfAnubisProcessors\TombOfAnubisProcessors.csproj", "{B743D17D-7A35-47F7-B632-12BB9E0F2523}"
EndProject
Global
	GlobalSection(SolutionConfigurationPlatforms) = preSolution
		Debug|Any CPU = Debug|Any CPU
		Release|Any CPU = Release|Any CPU
	EndGlobalSection
	GlobalSection(ProjectConfigurationPlatforms) = postSolution
		{1A4B8601-4424-465D-9271-C94CC08C9E03}.Debug|Any CPU.ActiveCfg = Debug|Any CPU
		{1A4B8601-4424-465D-9271-C94CC08C9E03}.Debug|Any CPU.Build.0 = Debug|Any CPU
		{1A4B8601-4424-465D-9271-C94CC08C9E03}.Release|Any CPU.ActiveCfg = Release|Any CPU
		{1A4B8601-4424-465D-9271-C94CC08C9E03}.Release|Any CPU.Build.0 = Release|Any CPU
		{B743D17D-7A35-47F7-B632-12BB9E0F2523}.Debug|Any CPU.ActiveCfg = Debug|Any CPU
		{B743D17D-7A35-47F7-B632-12BB9E0F2523}.Debug|Any CPU.Build.0 = Debug|Any CPU
		{B743D17D-7A35-47F7-B632-12BB9E0F2523}.Release|Any CPU.ActiveCfg = Release|Any CPU
		{B743D17D-7A35-47F7-B632-12BB9E0F2523}.Release|Any CPU.Build.0 = Release|Any CPU
	EndGlobalSection
	GlobalSection(SolutionProperties) = preSolution
		HideSolutionNode = FALSE
	EndGlobalSection
	GlobalSection(ExtensibilityGlobals) = postSolution
		SolutionGuid = {006FFB2F-978C-4280-8710-510EBA49165A}
	EndGlobalSection
EndGlobal
